lockfileVersion: '9.0'

settings:
  autoInstallPeers: true
  excludeLinksFromLockfile: false

importers:

  .:
    devDependencies:
      '@tsconfig/node-lts':
        specifier: ^24.0.0
        version: 24.0.0
      '@tsconfig/node-ts':
        specifier: ^23.6.4
        version: 23.6.4
      '@types/node':
        specifier: ^26.0.0
        version: 26.0.0
      typescript:
        specifier: ^6.0.3
        version: 6.0.3

packages:

  '@tsconfig/node-lts@24.0.0':
    resolution: {integrity: sha512-8mSTqWwCd6aQpvxSrpQlMoA9RiUZSs7bYhL5qsLXIIaN9HQaINeoydrRu/Y7/fws4bvfuyhs0BRnW9/NI8tySg==}

  '@tsconfig/node-ts@23.6.4':
    resolution: {integrity: sha512-37BMJvNQZ+vTgd1xG2TGBkJ6ENeT4eO4Wh2CHrnn0IwH7ybLFCzh4Uc//kc7UIvqiRac4uGdIc1meKOjMSlKzw==}

  '@types/node@26.0.0':
    resolution: {integrity: sha512-vf2YFi1iY9lHGwNJMs01biZFbKJkrZR1T6/MlzjhJLPdntOHLhTrDSnSVcdtvjihi4VQNlrFRIxLsDBlQpAipA==}

  typescript@6.0.3:
    resolution: {integrity: sha512-y2TvuxSZPDyQakkFRPZHKFm+KKVqIisdg9/CZwm9ftvKXLP8NRWj38/ODjNbr43SsoXqNuAisEf1GdCxqWcdBw==}
    engines: {node: '>=14.17'}
    hasBin: true

  undici-types@8.3.0:
    resolution: {integrity: sha512-j375ScV60dom+YkPFIfTLcOiPxkN/buHz5GobjLhixFuANaNs3C9l4GmrWqejgXWJ7BbJcFYpTEUkS1Ge8bpZQ==}

snapshots:

  '@tsconfig/node-lts@24.0.0': {}

  '@tsconfig/node-ts@23.6.4': {}

  '@types/node@26.0.0':
    dependencies:
      undici-types: 8.3.0

  typescript@6.0.3: {}

  undici-types@8.3.0: {}
